{
  "name": "41vin.github.io",
  "lockfileVersion": 2,
  "requires": true,
  "packages": {
    "": {
      "dependencies": {
        "katex": "^0.16.10",
        "re-template-tag": "^2.0.1"
      }
    },
    "node_modules/commander": {
      "version": "8.3.0",
      "resolved": "https://registry.npmjs.org/commander/-/commander-8.3.0.tgz",
      "integrity": "sha512-OkTL9umf+He2DZkUq8f8J9of7yL6RJKI24dVITBmNfZBmri9zYZQrKkuXiKhyfPSu8tUhnVBB1iKXevvnlR4Ww==",
      "engines": {
        "node": ">= 12"
      }
    },
    "node_modules/katex": {
      "version": "0.16.10",
      "resolved": "https://registry.npmjs.org/katex/-/katex-0.16.10.tgz",
      "integrity": "sha512-ZiqaC04tp2O5utMsl2TEZTXxa6WSC4yo0fv5ML++D3QZv/vx2Mct0mTlRx3O+uUkjfuAgOkzsCmq5MiUEsDDdA==",
      "funding": [
        "https://opencollective.com/katex",
        "https://github.com/sponsors/katex"
      ],
      "dependencies": {
        "commander": "^8.3.0"
      },
      "bin": {
        "katex": "cli.js"
      }
    },
    "node_modules/re-template-tag": {
      "version": "2.0.1",
      "resolved": "https://registry.npmjs.org/re-template-tag/-/re-template-tag-2.0.1.tgz",
      "integrity": "sha512-TkxjSTkKDTKjSrflkkUDHd/2RDQuwoYPdrdNtTcDG0wD2EeT5FeeWe1QANwKe4BwOC5kN8a7QnvSAgSz7mRhwQ=="
    }
  },
  "dependencies": {
    "commander": {
      "version": "8.3.0",
      "resolved": "https://registry.npmjs.org/commander/-/commander-8.3.0.tgz",
      "integrity": "sha512-OkTL9umf+He2DZkUq8f8J9of7yL6RJKI24dVITBmNfZBmri9zYZQrKkuXiKhyfPSu8tUhnVBB1iKXevvnlR4Ww=="
    },
    "katex": {
      "version": "0.16.10",
      "resolved": "https://registry.npmjs.org/katex/-/katex-0.16.10.tgz",
      "integrity": "sha512-ZiqaC04tp2O5utMsl2TEZTXxa6WSC4yo0fv5ML++D3QZv/vx2Mct0mTlRx3O+uUkjfuAgOkzsCmq5MiUEsDDdA==",
      "requires": {
        "commander": "^8.3.0"
      }
    },
    "re-template-tag": {
      "version": "2.0.1",
      "resolved": "https://registry.npmjs.org/re-template-tag/-/re-template-tag-2.0.1.tgz",
      "integrity": "sha512-TkxjSTkKDTKjSrflkkUDHd/2RDQuwoYPdrdNtTcDG0wD2EeT5FeeWe1QANwKe4BwOC5kN8a7QnvSAgSz7mRhwQ=="
    }
  }
}
